{
  "lockfileVersion": 1,
  "configVersion": 1,
  "workspaces": {
    "": {
      "name": "sine",
      "devDependencies": {
        "@chromejs/browsercfg": "^0.1.8",
        "@types/bun": "latest",
        "eslint-plugin-jsdoc": "^64.3.6",
        "oxfmt": "^0.67.0",
        "oxlint": "^1.82.0",
        "oxlint-plugin-eslint": "^1.83.0",
        "svgo": "^4.1.0",
      },
    },
    "tools/oxlint-plugin-mozilla": {
      "name": "mozilla",
      "version": "4.4.0",
      "dependencies": {
        "@typescript-eslint/parser": "^8.70.0",
        "eslint-scope": "^9.1.2",
        "eslint-visitor-keys": "^5.0.1",
        "estraverse": "^5.3.0",
        "htmlparser2": "^12.0.0",
        "toml-eslint-parser": "1.0.3",
      },
      "devDependencies": {
        "eslint": "^10.10.0",
      },
    },
  },
  "packages": {
    "@cacheable/memory": ["@cacheable/memory@2.2.0", "", { "dependencies": { "@cacheable/utils": "^2.5.0", "@keyv/bigmap": "^1.3.1", "hookified": "^1.15.1", "keyv": "^5.6.0" } }, "sha512-CTLKqLItRCEixEAewD3/j9DB3/o96gpTPD4eJ1v+DGOlxZRZncRQkGYqqnAGCscYd6RNeXfGeiuCphsPtqyIfQ=="],

    "@cacheable/utils": ["@cacheable/utils@2.5.0", "", { "dependencies": { "hashery": "^1.5.1", "keyv": "^5.6.0" } }, "sha512-buipgOVDkkPXNR5+xBpDw7Zk2n1EvU7qBJCNUcL7rhQ//kfpOXPAvQ511Os0vpLYJ1pZnvudNytkQt2hst3wqA=="],

    "@chromejs/browsercfg": ["@chromejs/browsercfg@0.1.8", "", { "optionalDependencies": { "@chromejs/browsercfg-darwin-arm64": "0.1.8", "@chromejs/browsercfg-darwin-x64": "0.1.8", "@chromejs/browsercfg-linux-arm64": "0.1.8", "@chromejs/browsercfg-linux-arm64-musl": "0.1.8", "@chromejs/browsercfg-linux-x64": "0.1.8", "@chromejs/browsercfg-linux-x64-musl": "0.1.8", "@chromejs/browsercfg-win32-arm64": "0.1.8", "@chromejs/browsercfg-win32-x64": "0.1.8" }, "bin": { "browsercfg": "bin/browsercfg" } }, "sha512-R4wngZSCkSO+xyxXRZ93lENcM8vdtt864d0n5Ft7nAprs0gwdEfL1u3domHwrba5AB8Sljm8Rrt+4dBrw/vBHA=="],

    "@chromejs/browsercfg-darwin-arm64": ["@chromejs/browsercfg-darwin-arm64@0.1.8", "", { "os": "darwin", "cpu": "arm64" }, "sha512-5USB84EGCKRpK4N+KlXyksCzULfH+48+T/b1FDc02swWVwL7I8v3dhNe58OXaa5kxO+6L0wUvAs6Xpf0C5HnIQ=="],

    "@chromejs/browsercfg-darwin-x64": ["@chromejs/browsercfg-darwin-x64@0.1.8", "", { "os": "darwin", "cpu": "x64" }, "sha512-WPuMO4xudzlz23Slg75HunP28H1GBEANOQqJ5una+Kztn0w8es7HJwpJLhnm5EUevcI2zkqpHb4GkZOc9oU2qg=="],

    "@chromejs/browsercfg-linux-arm64": ["@chromejs/browsercfg-linux-arm64@0.1.8", "", { "os": "linux", "cpu": "arm64" }, "sha512-1F5DM1EWi6MK1L1QP8gpmJbfM9zbT2fInymPDy1xDyV6KJKbfm2Kbi73xesoAGPUa21InOTmrwJoVsLtV42tfg=="],

    "@chromejs/browsercfg-linux-arm64-musl": ["@chromejs/browsercfg-linux-arm64-musl@0.1.8", "", { "os": "linux", "cpu": "arm64" }, "sha512-vsw0xMxjGyKXL+CnRpZrbvFoDkWrulkUHfKOw66WqBFoAPpIeXi5MOs1wb0QhhhfPBSBbEBawMne0u0Za4A7Wg=="],

    "@chromejs/browsercfg-linux-x64": ["@chromejs/browsercfg-linux-x64@0.1.8", "", { "os": "linux", "cpu": "x64" }, "sha512-zy/XlRbx/IUJ6q2W5RiGX2ev/YyzJt8HVm4Uh+9wSj0zZ8jxabb+hwm5gTiWS0R8UgCN62uPhcA88Ny0ILxlKQ=="],

    "@chromejs/browsercfg-linux-x64-musl": ["@chromejs/browsercfg-linux-x64-musl@0.1.8", "", { "os": "linux", "cpu": "x64" }, "sha512-Ny7oJNOOi7f/fQUlbgmzjc7UiUeOVbCF1gnub6PGs+a3cypncPq3fcSvo0zUGx5dp9v+KbAFe5+5QSsoArdwkg=="],

    "@chromejs/browsercfg-win32-arm64": ["@chromejs/browsercfg-win32-arm64@0.1.8", "", { "os": "win32", "cpu": "arm64" }, "sha512-4HDkrGwZ3uBQZ3kalu2LFsAwzHCCC4iU9XZLdYgs1as7gVPXx4OTkCiKeSY9hxjwZ6g4Ll6s46vbdotaUikgOw=="],

    "@chromejs/browsercfg-win32-x64": ["@chromejs/browsercfg-win32-x64@0.1.8", "", { "os": "win32", "cpu": "x64" }, "sha512-kAt23theSTylg3PdiHIngboLH7HmUSS8eck3TmiHyamv3H2W7Iw/xYQHsSMHltrsVpNvW87C5h+Z3SSygwgONg=="],

    "@es-joy/jsdoccomment": ["@es-joy/jsdoccomment@0.97.0", "", { "dependencies": { "@types/estree": "^1.0.9", "@typescript-eslint/types": "^8.69.0", "comment-parser": "1.4.8", "esquery": "^1.7.0", "jsdoc-type-pratt-parser": "~9.2.1" } }, "sha512-EP8uoFfh6+GsdGCduYtmWAW0h7AO+Ayik9Vh5YbA2r/3N6lmJKkCNZX+q3QBXC1K6ixjQ/9igF2b7WVvLm063g=="],

    "@es-joy/resolve.exports": ["@es-joy/resolve.exports@1.2.0", "", {}, "sha512-Q9hjxWI5xBM+qW2enxfe8wDKdFWMfd0Z29k5ZJnuBqD/CasY5Zryj09aCA6owbGATWz+39p5uIdaHXpopOcG8g=="],

    "@eslint-community/eslint-utils": ["@eslint-community/eslint-utils@4.9.1", "", { "dependencies": { "eslint-visitor-keys": "^3.4.3" }, "peerDependencies": { "eslint": "^6.0.0 || ^7.0.0 || >=8.0.0" } }, "sha512-phrYmNiYppR7znFEdqgfWHXR6NCkZEK7hwWDHZUjit/2/U0r6XvkDl0SYnoM51Hq7FhCGdLDT6zxCCOY1hexsQ=="],

    "@eslint-community/regexpp": ["@eslint-community/regexpp@4.12.2", "", {}, "sha512-EriSTlt5OC9/7SXkRSCAhfSxxoSUgBm33OH+IkwbdpgoqsSsUg7y3uh+IICI/Qg4BBWr3U2i39RpmycbxMq4ew=="],

    "@eslint/config-array": ["@eslint/config-array@0.23.5", "", { "dependencies": { "@eslint/object-schema": "^3.0.5", "debug": "^4.3.1", "minimatch": "^10.2.4" } }, "sha512-Y3kKLvC1dvTOT+oGlqNQ1XLqK6D1HU2YXPc52NmAlJZbMMWDzGYXMiPRJ8TYD39muD/OTjlZmNJ4ib7dvSrMBA=="],

    "@eslint/config-helpers": ["@eslint/config-helpers@0.7.0", "", { "dependencies": { "@eslint/core": "^1.2.1" } }, "sha512-DObd/KKUsU+FaFv4PLxSRenpXfQWmPXXP3pPZ6/K1PCrMu2vQpMDMuQe/BqYeoLcz8ro0bVDF1RxOJgfVEdhUw=="],

    "@eslint/core": ["@eslint/core@1.2.1", "", { "dependencies": { "@types/json-schema": "^7.0.15" } }, "sha512-MwcE1P+AZ4C6DWlpin/OmOA54mmIZ/+xZuJiQd4SyB29oAJjN30UW9wkKNptW2ctp4cEsvhlLY/CsQ1uoHDloQ=="],

    "@eslint/object-schema": ["@eslint/object-schema@3.0.5", "", {}, "sha512-vqTaUEgxzm+YDSdElad6PiRoX4t8VGDjCtt05zn4nU810UIx/uNEV7/lZJ6KwFThKZOzOxzXy48da+No7HZaMw=="],

    "@eslint/plugin-kit": ["@eslint/plugin-kit@0.7.3", "", { "dependencies": { "@eslint/core": "^1.2.1", "levn": "^0.4.1" } }, "sha512-IkO+/KEUvwbVpiURZg+P7zF74z5Jxe0UgJxVni+RtoHQ6IZieXaO02kmadomap/q+l6bc/jdPGGqTjhuZnuz1Q=="],

    "@humanfs/core": ["@humanfs/core@0.19.2", "", { "dependencies": { "@humanfs/types": "^0.15.0" } }, "sha512-UhXNm+CFMWcbChXywFwkmhqjs3PRCmcSa/hfBgLIb7oQ5HNb1wS0icWsGtSAUNgefHeI+eBrA8I1fxmbHsGdvA=="],

    "@humanfs/node": ["@humanfs/node@0.16.8", "", { "dependencies": { "@humanfs/core": "^0.19.2", "@humanfs/types": "^0.15.0", "@humanwhocodes/retry": "^0.4.0" } }, "sha512-gE1eQNZ3R++kTzFUpdGlpmy8kDZD/MLyHqDwqjkVQI0JMdI1D51sy1H958PNXYkM2rAac7e5/CnIKZrHtPh3BQ=="],

    "@humanfs/types": ["@humanfs/types@0.15.0", "", {}, "sha512-ZZ1w0aoQkwuUuC7Yf+7sdeaNfqQiiLcSRbfI08oAxqLtpXQr9AIVX7Ay7HLDuiLYAaFPu8oBYNq/QIi9URHJ3Q=="],

    "@humanwhocodes/module-importer": ["@humanwhocodes/module-importer@1.0.1", "", {}, "sha512-bxveV4V8v5Yb4ncFTT3rPSgZBOpCkjfK0y4oVVVJwIuDVBRMDXrPyXRL988i5ap9m9bnyEEjWfm5WkBmtffLfA=="],

    "@humanwhocodes/retry": ["@humanwhocodes/retry@0.4.3", "", {}, "sha512-bV0Tgo9K4hfPCek+aMAn81RppFKv2ySDQeMoSZuvTASywNTnVJCArCZE2FWqpvIatKu7VMRLWlR1EazvVhDyhQ=="],

    "@keyv/bigmap": ["@keyv/bigmap@1.3.1", "", { "dependencies": { "hashery": "^1.4.0", "hookified": "^1.15.0" }, "peerDependencies": { "keyv": "^5.6.0" } }, "sha512-WbzE9sdmQtKy8vrNPa9BRnwZh5UF4s1KTmSK0KUVLo3eff5BlQNNWDnFOouNpKfPKDnms9xynJjsMYjMaT/aFQ=="],

    "@keyv/serialize": ["@keyv/serialize@1.1.1", "", {}, "sha512-dXn3FZhPv0US+7dtJsIi2R+c7qWYiReoEh5zUntWCf4oSpMNib8FDhSoed6m3QyZdx5hK7iLFkYk3rNxwt8vTA=="],

    "@oxfmt/binding-android-arm-eabi": ["@oxfmt/binding-android-arm-eabi@0.67.0", "", { "os": "android", "cpu": "arm" }, "sha512-2olh3ioEmc4gRzQm7jxyB1b/PFBoFvTq8KdgYySeNpysDtA6DEg2Mvya4/I6flhL7G0eOrE8RD7JCNCIMhE16Q=="],

    "@oxfmt/binding-android-arm64": ["@oxfmt/binding-android-arm64@0.67.0", "", { "os": "android", "cpu": "arm64" }, "sha512-ulfw8EHN1MBq/MFFDXw2/M1VAFu5mRUcnuZ8Hqbv9viAnFzO9t1jKSAsDqKYYDGMlytF/uj6Z5z5n/tHupnKhw=="],

    "@oxfmt/binding-darwin-arm64": ["@oxfmt/binding-darwin-arm64@0.67.0", "", { "os": "darwin", "cpu": "arm64" }, "sha512-MfONZx/O2o9M5v2jDFol556G9+A+P9xCuJ4DZ+qhE+RnaCdoscy6Eu5nq1dbuNxhwdJyZ6kLI7fnG9mwEeOeGg=="],

    "@oxfmt/binding-darwin-x64": ["@oxfmt/binding-darwin-x64@0.67.0", "", { "os": "darwin", "cpu": "x64" }, "sha512-CYnIx5LvFVJnyJcCqwH2jxMKjFjqo5678MPjdmNFoSGMhlOvZ/xRZqvhDcolKrXc8fezW3AKh+C4wyoFuWOSSg=="],

    "@oxfmt/binding-freebsd-x64": ["@oxfmt/binding-freebsd-x64@0.67.0", "", { "os": "freebsd", "cpu": "x64" }, "sha512-7/iF1orvIS9mxhKUqnmtMgm+OrSQ5acPwuvdQrm6ECgqbwPmC+Pw9cdke3sNfVN6pT2hbJ58+jP8BCThl5HXOg=="],

    "@oxfmt/binding-linux-arm-gnueabihf": ["@oxfmt/binding-linux-arm-gnueabihf@0.67.0", "", { "os": "linux", "cpu": "arm" }, "sha512-yy+OGys07IZOpOmYPZoObKyUQLkfxeQqeCypk+1jaZd8HGo77hzvU1Jg8X3+W75o+9lszOjBfg0nkGtlwYywXw=="],

    "@oxfmt/binding-linux-arm-musleabihf": ["@oxfmt/binding-linux-arm-musleabihf@0.67.0", "", { "os": "linux", "cpu": "arm" }, "sha512-wPIeeigXgJpwNw3wydYRt3U9iN9Y/ejpOZuYL9IA7igxWs7LIQMOkhKxTumRvy6dIv0iXKk3RTw3Vmjg0i+2sg=="],

    "@oxfmt/binding-linux-arm64-gnu": ["@oxfmt/binding-linux-arm64-gnu@0.67.0", "", { "os": "linux", "cpu": "arm64" }, "sha512-0+XNxcdbkTfxdcD4qW6Ci9n+mBNJ8xTBumnxKvKBmRFOdx0Wf8/KiHjCJayooXmYkqRpRVd98Q5egvzx5BLSgQ=="],

    "@oxfmt/binding-linux-arm64-musl": ["@oxfmt/binding-linux-arm64-musl@0.67.0", "", { "os": "linux", "cpu": "arm64" }, "sha512-I75LKPJyNOYUzkqAiAMIE31+Ye7xtQXZdoty1IXn4B+bw5Zpmez5wfG19ejGpNnS/BzQ7LFS+7jxuTPb+vHiZw=="],

    "@oxfmt/binding-linux-ppc64-gnu": ["@oxfmt/binding-linux-ppc64-gnu@0.67.0", "", { "os": "linux", "cpu": "ppc64" }, "sha512-c2M5iRpe1QMZSRE/UvZoPdXBWb5Ic/ycvOyNiKCqPwQ/OyOKIMiJs02ynlNnjb7ZZJnRXYLmGcohoINOcwDK3w=="],

    "@oxfmt/binding-linux-riscv64-gnu": ["@oxfmt/binding-linux-riscv64-gnu@0.67.0", "", { "os": "linux", "cpu": "none" }, "sha512-dQzzYlV24Udhfm5ECuSdgqRvFJU/CGHzcYYEO3dLM6W6+CHiBFrq9OjIllkdCcPhsoSQ8o223Dja84MOSzed9A=="],

    "@oxfmt/binding-linux-riscv64-musl": ["@oxfmt/binding-linux-riscv64-musl@0.67.0", "", { "os": "linux", "cpu": "none" }, "sha512-rFNq1CgX4qMJANOq42LkAs90JE80GpiaEohAV2qn/gT2hGjQTW1zBO5zQBxArI4926pM1OSzo3CN0tBszGBIaA=="],

    "@oxfmt/binding-linux-s390x-gnu": ["@oxfmt/binding-linux-s390x-gnu@0.67.0", "", { "os": "linux", "cpu": "s390x" }, "sha512-Sky6rEdz2o5IGq01lPhS12yEvDdChVEcaYrcLHkveh4Fx0qPjljE/Iul6SX/bRMl6lNc8J7J/mDQdzgBdA++Pg=="],

    "@oxfmt/binding-linux-x64-gnu": ["@oxfmt/binding-linux-x64-gnu@0.67.0", "", { "os": "linux", "cpu": "x64" }, "sha512-vPXmlNORV8AZq2Ocxh07pxwMjfENUWCV/eZArnao0qC3NO/hDeTVkQvee7SJJUbIiF5PZbBa4kYmaXnu7Rk58w=="],

    "@oxfmt/binding-linux-x64-musl": ["@oxfmt/binding-linux-x64-musl@0.67.0", "", { "os": "linux", "cpu": "x64" }, "sha512-x/WAtFqYtVr3vZ9ni8nr4kn9whSitg8fOljq/pZzBpxopRdY1BMLZCZkrbIbaBcYkm46qGbqVea2FCWmtQ2P9w=="],

    "@oxfmt/binding-openharmony-arm64": ["@oxfmt/binding-openharmony-arm64@0.67.0", "", { "os": "none", "cpu": "arm64" }, "sha512-eRw9Neh4/aA6i+q/R3WU1gGQINhVM0J4fXIm6t27caOamkr/37uAkp1IdBx4zlJH97hmXR63z/q9n5c5dN7MzA=="],

    "@oxfmt/binding-win32-arm64-msvc": ["@oxfmt/binding-win32-arm64-msvc@0.67.0", "", { "os": "win32", "cpu": "arm64" }, "sha512-YIMvb+sGNYN2uc6+QK2HLPeEKM2vl7QZ5onQzpAJRb6pnf0DwUFP5R8tdS9R0l8hdUil2gu4Uxd0Yxrop0iT4w=="],

    "@oxfmt/binding-win32-ia32-msvc": ["@oxfmt/binding-win32-ia32-msvc@0.67.0", "", { "os": "win32", "cpu": "ia32" }, "sha512-LzmU9MyACPzwNDIK0ItMedHPz735Ug7ELWguxo4/kuy6zWuDoeglOAEFCY8jLg0PzRpFO3hDyLFe2Gu2eFDeGA=="],

    "@oxfmt/binding-win32-x64-msvc": ["@oxfmt/binding-win32-x64-msvc@0.67.0", "", { "os": "win32", "cpu": "x64" }, "sha512-sbQOIDNLUEeVZcAJcSL5VURn7kfjvilPviody4Yl5n8lQCDtUm+C9oHTTwZS/m4d/Z6Vv3jNEiAofH932NPPCg=="],

    "@oxlint/binding-android-arm-eabi": ["@oxlint/binding-android-arm-eabi@1.82.0", "", { "os": "android", "cpu": "arm" }, "sha512-a3LB+C5Dsj5b/qtmG/mv5WrzuiXEpg1KF5nXWcEvaoN5TYAqkIvxPOwTPp3Jy/FoGpRo8zsTFhMElMXfeoOEzA=="],

    "@oxlint/binding-android-arm64": ["@oxlint/binding-android-arm64@1.82.0", "", { "os": "android", "cpu": "arm64" }, "sha512-OBlhRgNqFblGpGenno/aqOfJLOkQ2B8Ig3iDAalfn0H8hJGZKXPeexCRTDm6uwv6YUjSA9Xnwt1y/Bgj5ZH8uw=="],

    "@oxlint/binding-darwin-arm64": ["@oxlint/binding-darwin-arm64@1.82.0", "", { "os": "darwin", "cpu": "arm64" }, "sha512-dsopxqtY5ZdyT9uLHyGt1SyiLop6hi7hWI3PKpePodkRQOkLaCm+OE4fR9CAz9qdfjiFO8531tX/QDyP/psjFg=="],

    "@oxlint/binding-darwin-x64": ["@oxlint/binding-darwin-x64@1.82.0", "", { "os": "darwin", "cpu": "x64" }, "sha512-94Lu0SgTClKColU66g1VDuigV3HkcbkJBnTtZjGYfE8UPugaWDgKrm2icjC6HJVUYler2OXaHP/X0TBy8+CowQ=="],

    "@oxlint/binding-freebsd-x64": ["@oxlint/binding-freebsd-x64@1.82.0", "", { "os": "freebsd", "cpu": "x64" }, "sha512-hne/V06ewhh1i0w8+l7GDNROAGCGPmyFuOwiP7YTRu0JycyStJ4785dmF8xU5p0uUwt2emvIF9vc7Xjis+cJ0g=="],

    "@oxlint/binding-linux-arm-gnueabihf": ["@oxlint/binding-linux-arm-gnueabihf@1.82.0", "", { "os": "linux", "cpu": "arm" }, "sha512-aWY2xtbZf1LneW9Qsv/n2Sp8gOu74JrlQzEtj4coHX2SHFrCfhmAumaU+sI/A5nr+yoTRTSmI/pL2s6ADlNSkw=="],

    "@oxlint/binding-linux-arm-musleabihf": ["@oxlint/binding-linux-arm-musleabihf@1.82.0", "", { "os": "linux", "cpu": "arm" }, "sha512-Fe+TtXCXMh/5f7kWlZ2VAwsMumZWtraFlKVk1NJlL52/beGwfDE7ov+/8gVirHzWokzGu7X65hSPq0ucPDskWQ=="],

    "@oxlint/binding-linux-arm64-gnu": ["@oxlint/binding-linux-arm64-gnu@1.82.0", "", { "os": "linux", "cpu": "arm64" }, "sha512-6azCZ6OJudlvipNttXCCQcyeFfcJ/NvUZdSN1z8elo73kCHtyQC7WTiUcSjWYvJ1jaq9KDUyMAoAS/vNzhBomA=="],

    "@oxlint/binding-linux-arm64-musl": ["@oxlint/binding-linux-arm64-musl@1.82.0", "", { "os": "linux", "cpu": "arm64" }, "sha512-PLEaSD8IAIIlwW4dwOd9YaxuxeOpwiXL4J24rcnE4iNtyM5j9Q9/3+gti08oXpx0u2ygNjRDx9xjWWpQonuJEw=="],

    "@oxlint/binding-linux-ppc64-gnu": ["@oxlint/binding-linux-ppc64-gnu@1.82.0", "", { "os": "linux", "cpu": "ppc64" }, "sha512-D94em/BwknNTn4vqxjHh5wb2oL566eFhArabqKIr0cNZMHOJuiraFp1A8tXpH05bbE5tqwEfLXTI0MWEGtn3Dw=="],

    "@oxlint/binding-linux-riscv64-gnu": ["@oxlint/binding-linux-riscv64-gnu@1.82.0", "", { "os": "linux", "cpu": "none" }, "sha512-MOprxBaoYU2D4VgxXCl3ghydThWtx7Um1lL51kGYNeQ5Al7WzsH7/tqGdNtbLrIWnjq3bsm13+nz/gRIxjrOXw=="],

    "@oxlint/binding-linux-riscv64-musl": ["@oxlint/binding-linux-riscv64-musl@1.82.0", "", { "os": "linux", "cpu": "none" }, "sha512-5h55QsfJ/luDXZzC20k6SNOY1Az+dCP9WvntKtcUWh2JhckAdwApY2ZusaBTwLENnReXU+A2fJtSrYvZJNKNPg=="],

    "@oxlint/binding-linux-s390x-gnu": ["@oxlint/binding-linux-s390x-gnu@1.82.0", "", { "os": "linux", "cpu": "s390x" }, "sha512-IE8NJNLlHr0CaXyGJPGVn0eTkUyoj1I2UfA8x7I4PSOYKsQ/6btVC7Pywrj5onk0cMH25r6Z38SoN3AvE5Zuog=="],

    "@oxlint/binding-linux-x64-gnu": ["@oxlint/binding-linux-x64-gnu@1.82.0", "", { "os": "linux", "cpu": "x64" }, "sha512-XUUUxaBo9XKl+J1B9EmP1cTGQPddzeURvoGkfwh/94PGnbW+hBprDljneoI2M1jzC1bzrIV3ihc7iM9UXl8+tg=="],

    "@oxlint/binding-linux-x64-musl": ["@oxlint/binding-linux-x64-musl@1.82.0", "", { "os": "linux", "cpu": "x64" }, "sha512-SWLSFulX9TDuH6yvbPYp4+VNn6jkkIvvI+KiujDM5rWBRHEfkesCC/pCneIIUr6ovkxZ5fRtpi2v5Cz5FrMJZg=="],

    "@oxlint/binding-openharmony-arm64": ["@oxlint/binding-openharmony-arm64@1.82.0", "", { "os": "none", "cpu": "arm64" }, "sha512-BQy35f6ZUdNr9a6c7B7orxQTcLjByGT2z3WAgmRovpRwmPYAaJ+NTplmMzhdjdJ4qSchfMNZy/Ukg+qRg6zseQ=="],

    "@oxlint/binding-win32-arm64-msvc": ["@oxlint/binding-win32-arm64-msvc@1.82.0", "", { "os": "win32", "cpu": "arm64" }, "sha512-V4QhSTg5gctZue8RJjsGi7NpQPThr/p1/HfmiMC5kfe1KFEup9SQRVub4A6kijQjdHfxj7bLL1KO3QO7/5bwMQ=="],

    "@oxlint/binding-win32-ia32-msvc": ["@oxlint/binding-win32-ia32-msvc@1.82.0", "", { "os": "win32", "cpu": "ia32" }, "sha512-TUSCLaKB2yktpFAJ/r3HAUYsaV/3DT7JS4iNKyoh3a9YNwD0UG7Ezh4D8m23654vQcU6P/RQrCAjRPKe4peP/A=="],

    "@oxlint/binding-win32-x64-msvc": ["@oxlint/binding-win32-x64-msvc@1.82.0", "", { "os": "win32", "cpu": "x64" }, "sha512-VTVoRIWJTb+wvUX8EYoPArfFH02whuR10goFXE/LHRRX33ajRrFgqbcONXZMiF4C5rnattfkm87HqYn8jb8hmQ=="],

    "@sindresorhus/base62": ["@sindresorhus/base62@1.0.0", "", {}, "sha512-TeheYy0ILzBEI/CO55CP6zJCSdSWeRtGnHy8U8dWSUH4I68iqTsy7HkMktR4xakThc9jotkPQUXT4ITdbV7cHA=="],

    "@types/bun": ["@types/bun@1.4.2", "", { "dependencies": { "bun-types": "1.4.2" } }, "sha512-GimotNn7+ZV0uVArItBbriZsR1oNf0+WTzPkdcFrzShI7k2norL0uzEaJT8T33dWr7O/c9ZDuAFQrctKCi72oQ=="],

    "@types/esrecurse": ["@types/esrecurse@4.3.1", "", {}, "sha512-xJBAbDifo5hpffDBuHl0Y8ywswbiAp/Wi7Y/GtAgSlZyIABppyurxVueOPE8LUQOxdlgi6Zqce7uoEpqNTeiUw=="],

    "@types/estree": ["@types/estree@1.0.9", "", {}, "sha512-GhdPgy1el4/ImP05X05Uw4cw2/M93BCUmnEvWZNStlCzEKME4Fkk+YpoA5OiHNQmoS7Cafb8Xa3Pya8m1Qrzeg=="],

    "@types/json-schema": ["@types/json-schema@7.0.15", "", {}, "sha512-5+fP8P8MFNC+AyZCDxrB2pkZFPGzqQWUzpSeuuVLvm8VMcorNYavBqoFcxK8bQz4Qsbn4oUEEem4wDLfcysGHA=="],

    "@types/node": ["@types/node@26.5.1", "", { "dependencies": { "undici-types": "~8.9.0" } }, "sha512-CzNm2FezW4VR/LjG6yUdiEgLE/rAQ9Slj5gCu/C2VrdcW7I0ahNZ8DRbHT7zOZ6r3ONgd/bsQIeSaoDGrd1C6g=="],

    "@typescript-eslint/parser": ["@typescript-eslint/parser@8.70.0", "", { "dependencies": { "@typescript-eslint/scope-manager": "8.70.0", "@typescript-eslint/types": "8.70.0", "@typescript-eslint/typescript-estree": "8.70.0", "@typescript-eslint/visitor-keys": "8.70.0", "debug": "^4.4.3" }, "peerDependencies": { "eslint": "^8.57.0 || ^9.0.0 || ^10.0.0", "typescript": ">=4.8.4 <6.1.0" } }, "sha512-zYvrmj9Yxd63UGaXw+kdt6A0F0s0qveJyuatIM77bYC2DE4pgmg7a50u8LR7PRtXd0x+h+Tl3eXabGm06SWd3Q=="],

    "@typescript-eslint/project-service": ["@typescript-eslint/project-service@8.70.0", "", { "dependencies": { "@typescript-eslint/tsconfig-utils": "^8.70.0", "@typescript-eslint/types": "^8.70.0", "debug": "^4.4.3" }, "peerDependencies": { "typescript": ">=4.8.4 <6.1.0" } }, "sha512-hFHbTNqhU9G+2eKFXCBVb1tjFT/LceiJ4+HfLO4pTpDI0KHi6iajpcFFkaSQ9gXmCh7n82A0PthaayEdN6mspQ=="],

    "@typescript-eslint/scope-manager": ["@typescript-eslint/scope-manager@8.70.0", "", { "dependencies": { "@typescript-eslint/types": "8.70.0", "@typescript-eslint/visitor-keys": "8.70.0" } }, "sha512-8nP3Kwh5hlgZ4FicGvmznAmJe8UL4sdU8tLukrPaMuQmDuk4Y8xYfzu/aYZW4xT2JCgc7H/TpDI5cGlxcWJSqQ=="],

    "@typescript-eslint/tsconfig-utils": ["@typescript-eslint/tsconfig-utils@8.70.0", "", { "peerDependencies": { "typescript": ">=4.8.4 <6.1.0" } }, "sha512-adnkeeNq9Sq1sUf4+FRVc0KdgYghzsgFpZSQVZVvY0LCuUuN0FnQgyGzCJeC4fW1cdXseBAjU2EOqUIjbNcZUw=="],

    "@typescript-eslint/types": ["@typescript-eslint/types@8.70.0", "", {}, "sha512-asTOIYhDg4zdzOScCyaytrsV3cR6B4ecPQlXw/dJIm7J/MZTtCtfVII9JD8Geh4jTCrK/Xe6cg5UevoleMcoJQ=="],

    "@typescript-eslint/typescript-estree": ["@typescript-eslint/typescript-estree@8.70.0", "", { "dependencies": { "@typescript-eslint/project-service": "8.70.0", "@typescript-eslint/tsconfig-utils": "8.70.0", "@typescript-eslint/types": "8.70.0", "@typescript-eslint/visitor-keys": "8.70.0", "debug": "^4.4.3", "minimatch": "^10.2.2", "semver": "^7.7.3", "tinyglobby": "^0.2.15", "ts-api-utils": "^2.5.0" }, "peerDependencies": { "typescript": ">=4.8.4 <6.1.0" } }, "sha512-d9NmHMPEKQ7QCLLm1jI3zmoQBwT5KwFYjXBJ9ymZfKCUU+5rmTRykKAFvH5Qn/ZCds3CEAFS9OC9M/jkl0X2bA=="],

    "@typescript-eslint/utils": ["@typescript-eslint/utils@8.70.0", "", { "dependencies": { "@eslint-community/eslint-utils": "^4.9.1", "@typescript-eslint/scope-manager": "8.70.0", "@typescript-eslint/types": "8.70.0", "@typescript-eslint/typescript-estree": "8.70.0" }, "peerDependencies": { "eslint": "^8.57.0 || ^9.0.0 || ^10.0.0", "typescript": ">=4.8.4 <6.1.0" } }, "sha512-oZmtKJz/4fufZ2p3+Cn3ijEojcdfR+1zYDH2xKYrEly0dR/Q/1xUPRCOlKGxod78nWlU2UnDe09GZ3TaknBFGA=="],

    "@typescript-eslint/visitor-keys": ["@typescript-eslint/visitor-keys@8.70.0", "", { "dependencies": { "@typescript-eslint/types": "8.70.0", "eslint-visitor-keys": "^5.0.0" } }, "sha512-BoC8PiO4Hkdo0TVJh9Ntxr5MxPDI7/oFsrygN5ADelFSeXG/qgNuucIGA+L5Z6JpPTE/uRfcTWtscjbUaufepQ=="],

    "acorn": ["acorn@8.17.0", "", { "bin": { "acorn": "bin/acorn" } }, "sha512-xRQbDb9BnwDafYNn6Vwl839DYVjqXYb1XVGtWAZ1kcDc6iwAL4hg3B1dZlRiuENFeO2H53gFG3in621AdERVAg=="],

    "acorn-jsx": ["acorn-jsx@5.3.2", "", { "peerDependencies": { "acorn": "^6.0.0 || ^7.0.0 || ^8.0.0" } }, "sha512-rq9s+JNhf0IChjtDXxllJ7g41oZk5SlXtp0LHwyA5cejwn7vKmKp4pPri6YEePv2PU65sAsegbXtIinmDFDXgQ=="],

    "ajv": ["ajv@6.15.0", "", { "dependencies": { "fast-deep-equal": "^3.1.1", "fast-json-stable-stringify": "^2.0.0", "json-schema-traverse": "^0.4.1", "uri-js": "^4.2.2" } }, "sha512-fgFx7Hfoq60ytK2c7DhnF8jIvzYgOMxfugjLOSMHjLIPgenqa7S7oaagATUq99mV6IYvN2tRmC0wnTYX6iPbMw=="],

    "are-docs-informative": ["are-docs-informative@0.1.1", "", {}, "sha512-sqRsNQBwbKLRX0jV5Cu5uzmtflf892n4Vukz7T659ebL4pz3mpOqCMU7lxMoBTFwnp10E3YB5ZcyHM41W5bcDA=="],

    "balanced-match": ["balanced-match@4.0.4", "", {}, "sha512-BLrgEcRTwX2o6gGxGOCNyMvGSp35YofuYzw9h1IMTRmKqttAZZVU67bdb9Pr2vUHA8+j3i2tJfjO6C6+4myGTA=="],

    "boolbase": ["boolbase@1.0.0", "", {}, "sha512-JZOSA7Mo9sNGB8+UjSgzdLtokWAky1zbztM3WRLCbZ70/3cTANmQmOdR7y2g+J0e2WXywy1yS468tY+IruqEww=="],

    "brace-expansion": ["brace-expansion@5.0.6", "", { "dependencies": { "balanced-match": "^4.0.2" } }, "sha512-kLpxurY4Z4r9sgMsyG0Z9uzsBlgiU/EFKhj/h91/8yHu0edo7XuixOIH3VcJ8kkxs6/jPzoI6U9Vj3WqbMQ94g=="],

    "bun-types": ["bun-types@1.4.2", "", { "dependencies": { "@types/node": "*" } }, "sha512-bxV1FgK7yBIzjRe5zBozIM4Bem11ZJcCXSrjWRG3YWLt8yFDePu4cLjpebO8OvPeIE9trbyPF4fuj3Cia4Fj3w=="],

    "cacheable": ["cacheable@2.5.0", "", { "dependencies": { "@cacheable/memory": "^2.2.0", "@cacheable/utils": "^2.5.0", "hookified": "^1.15.0", "keyv": "^5.6.0", "qified": "^0.10.1" } }, "sha512-60cyAOytib/OzBw1JNSoSV/boK1AtHryDIjvVBk7XbN4ugfkM3+Sry7fEjNgPMGgOjuaZPAp8ruZ0Cxafwyq9g=="],

    "commander": ["commander@11.1.0", "", {}, "sha512-yPVavfyCcRhmorC7rWlkHn15b4wDVgVmBA7kV4QVBsF7kv/9TKJAbAXVTxvTnwP8HHKjRCJDClKbciiYS7p0DQ=="],

    "comment-parser": ["comment-parser@1.4.8", "", {}, "sha512-rKZTGo4fzKYna8UcL0isTg5wkBNla7bxTypLwZQXjIdi++IdP1OJ41rI5Mti3/jltkPujbu4i9LIARYA+zpotQ=="],

    "cross-spawn": ["cross-spawn@7.0.6", "", { "dependencies": { "path-key": "^3.1.0", "shebang-command": "^2.0.0", "which": "^2.0.1" } }, "sha512-uV2QOWP2nWzsy2aMp8aRibhi9dlzF5Hgh5SHaB9OiTGEyDTiJJyx0uy51QXdyWbtAHNua4XJzUKca3OzKUd3vA=="],

    "css-select": ["css-select@6.0.0", "", { "dependencies": { "boolbase": "^1.0.0", "css-what": "^7.0.0", "domhandler": "^5.0.3", "domutils": "^3.2.2", "nth-check": "^2.1.1" } }, "sha512-rZZVSLle8v0+EY8QAkDWrKhpgt6SA5OtHsgBnsj6ZaLb5dmDVOWUDtQitd9ydxxvEjhewNudS6eTVU7uOyzvXw=="],

    "css-tree": ["css-tree@3.2.1", "", { "dependencies": { "mdn-data": "2.27.1", "source-map-js": "^1.2.1" } }, "sha512-X7sjQzceUhu1u7Y/ylrRZFU2FS6LRiFVp6rKLPg23y3x3c3DOKAwuXGDp+PAGjh6CSnCjYeAul8pcT8bAl+lSA=="],

    "css-what": ["css-what@7.0.0", "", {}, "sha512-wD5oz5xibMOPHzy13CyGmogB3phdvcDaB5t0W/Nr5Z2O/agcB8YwOz6e2Lsp10pNDzBoDO9nVa3RGs/2BttpHQ=="],

    "csso": ["csso@5.0.5", "", { "dependencies": { "css-tree": "~2.2.0" } }, "sha512-0LrrStPOdJj+SPCCrGhzryycLjwcgUSHBtxNA8aIDxf0GLsRh1cKYhB00Gd1lDOS4yGH69+SNn13+TWbVHETFQ=="],

    "debug": ["debug@4.4.3", "", { "dependencies": { "ms": "^2.1.3" } }, "sha512-RGwwWnwQvkVfavKVt22FGLw+xYSdzARwm0ru6DhTVA3umU5hZc28V3kO4stgYryrTlLpuvgI9GiijltAjNbcqA=="],

    "deep-is": ["deep-is@0.1.4", "", {}, "sha512-oIPzksmTg4/MriiaYGO+okXDT7ztn/w3Eptv/+gSIdMdKsJo0u4CfYNFJPy+4SKMuCqGw2wxnA+URMg3t8a/bQ=="],

    "dom-serializer": ["dom-serializer@3.1.1", "", { "dependencies": { "domelementtype": "^3.0.0", "domhandler": "^6.0.0", "entities": "^8.0.0" } }, "sha512-4MEa38/QexBob6gFNwu+EGdWvhJ1OKuNwdYY3Y3NyeWDQfnGeDYQUDfIRzWu5B5gsv03so2Uxd28YC6zrsx3Lw=="],

    "domelementtype": ["domelementtype@3.0.0", "", {}, "sha512-umCQid3jKbDmVjx8jGaW7uUykm4DEUeyV21hPxNMo2nV955DhUThwqyOIDtreepP31hl84X7G5U9ZfsWvIB3Pg=="],

    "domhandler": ["domhandler@6.0.1", "", { "dependencies": { "domelementtype": "^3.0.0" } }, "sha512-gYzvtM72ZtxQO0T048kd6HWSbbGCNOUwcnfQ01cqIJ4X2IYKFFHZ5mKvrQETcFXxsRObZulDaKmy//R7TPtsBg=="],

    "domutils": ["domutils@4.0.2", "", { "dependencies": { "dom-serializer": "^3.0.0", "domelementtype": "^3.0.0", "domhandler": "^6.0.0" } }, "sha512-qI4JLRKnSzqFqr7hAlS5xQDusBCjKSEG4t4+7aNrIQMHBcsC2TGEhuyABJdYkgSewL57PNLYEiibY2iPKhKpaA=="],

    "entities": ["entities@8.0.0", "", {}, "sha512-zwfzJecQ/Uej6tusMqwAqU/6KL2XaB2VZ2Jg54Je6ahNBGNH6Ek6g3jjNCF0fG9EWQKGZNddNjU5F1ZQn/sBnA=="],

    "escape-string-regexp": ["escape-string-regexp@5.0.0", "", {}, "sha512-/veY75JbMK4j1yjvuUxuVsiS/hr/4iHs9FTT6cgTexxdE0Ly/glccBAkloH/DofkjRbZU3bnoj38mOmhkZ0lHw=="],

    "eslint": ["eslint@10.10.0", "", { "dependencies": { "@eslint-community/eslint-utils": "^4.8.0", "@eslint-community/regexpp": "^4.12.2", "@eslint/config-array": "^0.23.5", "@eslint/config-helpers": "^0.7.0", "@eslint/core": "^1.2.1", "@eslint/plugin-kit": "^0.7.3", "@humanfs/node": "^0.16.6", "@humanwhocodes/module-importer": "^1.0.1", "@humanwhocodes/retry": "^0.4.2", "@types/estree": "^1.0.6", "ajv": "^6.14.0", "cross-spawn": "^7.0.6", "debug": "^4.3.2", "escape-string-regexp": "^4.0.0", "eslint-scope": "^9.1.2", "eslint-visitor-keys": "^5.0.1", "espree": "^11.2.0", "esquery": "^1.7.0", "esutils": "^2.0.2", "fast-deep-equal": "^3.1.3", "file-entry-cache": "11.1.5 || >11.1.6 <12", "find-up": "^5.0.0", "glob-parent": "^6.0.2", "ignore": "^5.2.0", "imurmurhash": "^0.1.4", "is-glob": "^4.0.0", "json-stable-stringify-without-jsonify": "^1.0.1", "minimatch": "^10.2.5", "natural-compare": "^1.4.0", "optionator": "^0.9.3" }, "peerDependencies": { "jiti": "*" }, "optionalPeers": ["jiti"], "bin": { "eslint": "bin/eslint.js" } }, "sha512-NPXn6r5zl4uET1DAVPaOwzX3rut4c0wcmw3dWJAfOsTM5+TogXo0DDjz8pwm/hL8cyVNpHqeK4JpN0NjnyFFNw=="],

    "eslint-plugin-jsdoc": ["eslint-plugin-jsdoc@64.3.6", "", { "dependencies": { "@es-joy/jsdoccomment": "~0.97.0", "@es-joy/resolve.exports": "1.2.0", "@typescript-eslint/utils": "^8.69.0", "are-docs-informative": "^0.1.1", "comment-parser": "1.4.8", "debug": "^4.4.3", "escape-string-regexp": "^5.0.0", "espree": "^11.2.0", "esquery": "^1.7.0", "html-entities": "^2.6.0", "object-deep-merge": "^2.0.1", "parse-imports-exports": "^0.2.4", "semver": "^7.8.5", "spdx-expression-parse": "^5.0.0", "to-valid-identifier": "^1.0.0" }, "peerDependencies": { "eslint": "^7.0.0 || ^8.0.0 || ^9.0.0 || ^10.0.0" } }, "sha512-lo7IXmgUUNy88SxW7KnJmmD2iPQBIRMomfCFPHidW1M3zNNVuzxlB2uoNrNyE1g4v2/L+RtYmiROPwQhSNzL8Q=="],

    "eslint-scope": ["eslint-scope@9.1.2", "", { "dependencies": { "@types/esrecurse": "^4.3.1", "@types/estree": "^1.0.8", "esrecurse": "^4.3.0", "estraverse": "^5.2.0" } }, "sha512-xS90H51cKw0jltxmvmHy2Iai1LIqrfbw57b79w/J7MfvDfkIkFZ+kj6zC3BjtUwh150HsSSdxXZcsuv72miDFQ=="],

    "eslint-visitor-keys": ["eslint-visitor-keys@5.0.1", "", {}, "sha512-tD40eHxA35h0PEIZNeIjkHoDR4YjjJp34biM0mDvplBe//mB+IHCqHDGV7pxF+7MklTvighcCPPZC7ynWyjdTA=="],

    "espree": ["espree@11.2.0", "", { "dependencies": { "acorn": "^8.16.0", "acorn-jsx": "^5.3.2", "eslint-visitor-keys": "^5.0.1" } }, "sha512-7p3DrVEIopW1B1avAGLuCSh1jubc01H2JHc8B4qqGblmg5gI9yumBgACjWo4JlIc04ufug4xJ3SQI8HkS/Rgzw=="],

    "esquery": ["esquery@1.7.0", "", { "dependencies": { "estraverse": "^5.1.0" } }, "sha512-Ap6G0WQwcU/LHsvLwON1fAQX9Zp0A2Y6Y/cJBl9r/JbW90Zyg4/zbG6zzKa2OTALELarYHmKu0GhpM5EO+7T0g=="],

    "esrecurse": ["esrecurse@4.3.0", "", { "dependencies": { "estraverse": "^5.2.0" } }, "sha512-KmfKL3b6G+RXvP8N1vr3Tq1kL/oCFgn2NYXEtqP8/L3pKapUA4G8cFVaoF3SU323CD4XypR/ffioHmkti6/Tag=="],

    "estraverse": ["estraverse@5.3.0", "", {}, "sha512-MMdARuVEQziNTeJD8DgMqmhwR11BRQ/cBP+pLtYdSTnf3MIO8fFeiINEbX36ZdNlfU/7A9f3gUw49B3oQsvwBA=="],

    "esutils": ["esutils@2.0.3", "", {}, "sha512-kVscqXk4OCp68SZ0dkgEKVi6/8ij300KBWTJq32P/dYeWTSwK41WyTxalN1eRmA5Z9UU/LX9D7FWSmV9SAYx6g=="],

    "fast-deep-equal": ["fast-deep-equal@3.1.3", "", {}, "sha512-f3qQ9oQy9j2AhBe/H9VC91wLmKBCCU/gDOnKNAYG5hswO7BLKj09Hc5HYNz9cGI++xlpDCIgDaitVs03ATR84Q=="],

    "fast-json-stable-stringify": ["fast-json-stable-stringify@2.1.0", "", {}, "sha512-lhd/wF+Lk98HZoTCtlVraHtfh5XYijIjalXck7saUtuanSDyLMxnHhSXEDJqHxD7msR8D0uCmqlkwjCV8xvwHw=="],

    "fast-levenshtein": ["fast-levenshtein@2.0.6", "", {}, "sha512-DCXu6Ifhqcks7TZKY3Hxp3y6qphY5SJZmrWMDrKcERSOXWQdMhU9Ig/PYrzyw/ul9jOIyh0N4M0tbC5hodg8dw=="],

    "fdir": ["fdir@6.5.0", "", { "peerDependencies": { "picomatch": "^3 || ^4" }, "optionalPeers": ["picomatch"] }, "sha512-tIbYtZbucOs0BRGqPJkshJUYdL+SDH7dVM8gjy+ERp3WAUjLEFJE+02kanyHtwjWOnwrKYBiwAmM0p4kLJAnXg=="],

    "file-entry-cache": ["file-entry-cache@11.1.5", "", { "dependencies": { "flat-cache": "^6.1.23" } }, "sha512-+PFTHITI08JIGhnNpGNI8T8inUpgZfk3GNEqfT9R2zZV2iFXg3CvqzSl/uEhs7TSGujYRELEANyDvS8Fj7+S7Q=="],

    "find-up": ["find-up@5.0.0", "", { "dependencies": { "locate-path": "^6.0.0", "path-exists": "^4.0.0" } }, "sha512-78/PXT1wlLLDgTzDs7sjq9hzz0vXD+zn+7wypEe4fXQxCmdmqfGsEPQxmiCSQI3ajFV91bVSsvNtrJRiW6nGng=="],

    "flat-cache": ["flat-cache@6.1.23", "", { "dependencies": { "cacheable": "^2.5.0", "flatted": "^3.4.2", "hookified": "^1.15.0" } }, "sha512-f++BY9pTk+983xK1FLzlLpmM0i0z+jHmx3QESGkURMXujQZz1k5wzwX6hjnQ8goaD0B+sYnDK1yZ6MTyZfUaqA=="],

    "flatted": ["flatted@3.4.2", "", {}, "sha512-PjDse7RzhcPkIJwy5t7KPWQSZ9cAbzQXcafsetQoD7sOJRQlGikNbx7yZp2OotDnJyrDcbyRq3Ttb18iYOqkxA=="],

    "glob-parent": ["glob-parent@6.0.2", "", { "dependencies": { "is-glob": "^4.0.3" } }, "sha512-XxwI8EOhVQgWp6iDL+3b0r86f4d6AX6zSU55HfB4ydCEuXLXc5FcYeOu+nnGftS4TEju/11rt4KJPTMgbfmv4A=="],

    "hashery": ["hashery@1.5.1", "", { "dependencies": { "hookified": "^1.15.0" } }, "sha512-iZyKG96/JwPz1N55vj2Ie2vXbhu440zfUfJvSwEqEbeLluk7NnapfGqa7LH0mOsnDxTF85Mx8/dyR6HfqcbmbQ=="],

    "hookified": ["hookified@1.15.1", "", {}, "sha512-MvG/clsADq1GPM2KGo2nyfaWVyn9naPiXrqIe4jYjXNZQt238kWyOGrsyc/DmRAQ+Re6yeo6yX/yoNCG5KAEVg=="],

    "html-entities": ["html-entities@2.6.0", "", {}, "sha512-kig+rMn/QOVRvr7c86gQ8lWXq+Hkv6CbAH1hLu+RG338StTpE8Z0b44SDVaqVu7HGKf27frdmUYEs9hTUX/cLQ=="],

    "htmlparser2": ["htmlparser2@12.0.0", "", { "dependencies": { "domelementtype": "^3.0.0", "domhandler": "^6.0.0", "domutils": "^4.0.2", "entities": "^8.0.0" } }, "sha512-Tz7u1i95/g2x2jz81+x0FBVhBhY5aRTvD3tXXdFaljuNdzDLJ8UGNRrTcj2cgQvAg3iW/h77Fz15nLW0L0CrZw=="],

    "ignore": ["ignore@5.3.2", "", {}, "sha512-hsBTNUqQTDwkWtcdYI2i06Y/nUBEsNEDJKjWdigLvegy8kDuJAS8uRlpkkcQpyEXL0Z/pjDy5HBmMjRCJ2gq+g=="],

    "imurmurhash": ["imurmurhash@0.1.4", "", {}, "sha512-JmXMZ6wuvDmLiHEml9ykzqO6lwFbof0GG4IkcGaENdCRDDmMVnny7s5HsIgHCbaq0w2MyPhDqkhTUgS2LU2PHA=="],

    "is-extglob": ["is-extglob@2.1.1", "", {}, "sha512-SbKbANkN603Vi4jEZv49LeVJMn4yGwsbzZworEoyEiutsN3nJYdbO36zfhGJ6QEDpOZIFkDtnq5JRxmvl3jsoQ=="],

    "is-glob": ["is-glob@4.0.3", "", { "dependencies": { "is-extglob": "^2.1.1" } }, "sha512-xelSayHH36ZgE7ZWhli7pW34hNbNl8Ojv5KVmkJD4hBdD3th8Tfk9vYasLM+mXWOZhFkgZfxhLSnrwRr4elSSg=="],

    "isexe": ["isexe@2.0.0", "", {}, "sha512-RHxMLp9lnKHGHRng9QFhRCMbYAcVpn69smSGcq3f36xjgVVWThj4qqLbTLlq7Ssj8B+fIQ1EuCEGI2lKsyQeIw=="],

    "jsdoc-type-pratt-parser": ["jsdoc-type-pratt-parser@9.2.1", "", { "dependencies": { "@types/estree": "^1.0.9", "@types/node": "^26.4.0" } }, "sha512-V4Ww4EHnTcTLSOMoB0FsF72JhQvcAsriCm/LWnxJeGWoxIjEL2l9na11abQok5SYShq8m0Gl02el/xAbTCulvQ=="],

    "json-schema-traverse": ["json-schema-traverse@0.4.1", "", {}, "sha512-xbbCH5dCYU5T8LcEhhuh7HJ88HXuW3qsI3Y0zOZFKfZEHcpWiHU/Jxzk629Brsab/mMiHQti9wMP+845RPe3Vg=="],

    "json-stable-stringify-without-jsonify": ["json-stable-stringify-without-jsonify@1.0.1", "", {}, "sha512-Bdboy+l7tA3OGW6FjyFHWkP5LuByj1Tk33Ljyq0axyzdk9//JSi2u3fP1QSmd1KNwq6VOKYGlAu87CisVir6Pw=="],

    "keyv": ["keyv@5.6.0", "", { "dependencies": { "@keyv/serialize": "^1.1.1" } }, "sha512-CYDD3SOtsHtyXeEORYRx2qBtpDJFjRTGXUtmNEMGyzYOKj1TE3tycdlho7kA1Ufx9OYWZzg52QFBGALTirzDSw=="],

    "levn": ["levn@0.4.1", "", { "dependencies": { "prelude-ls": "^1.2.1", "type-check": "~0.4.0" } }, "sha512-+bT2uH4E5LGE7h/n3evcS/sQlJXCpIp6ym8OWJ5eV6+67Dsql/LaaT7qJBAt2rzfoa/5QBGBhxDix1dMt2kQKQ=="],

    "locate-path": ["locate-path@6.0.0", "", { "dependencies": { "p-locate": "^5.0.0" } }, "sha512-iPZK6eYjbxRu3uB4/WZ3EsEIMJFMqAoopl3R+zuq0UjcAm/MO6KCweDgPfP3elTztoKP3KtnVHxTn2NHBSDVUw=="],

    "mdn-data": ["mdn-data@2.27.1", "", {}, "sha512-9Yubnt3e8A0OKwxYSXyhLymGW4sCufcLG6VdiDdUGVkPhpqLxlvP5vl1983gQjJl3tqbrM731mjaZaP68AgosQ=="],

    "minimatch": ["minimatch@10.2.5", "", { "dependencies": { "brace-expansion": "^5.0.5" } }, "sha512-MULkVLfKGYDFYejP07QOurDLLQpcjk7Fw+7jXS2R2czRQzR56yHRveU5NDJEOviH+hETZKSkIk5c+T23GjFUMg=="],

    "mozilla": ["mozilla@workspace:tools/oxlint-plugin-mozilla"],

    "ms": ["ms@2.1.3", "", {}, "sha512-6FlzubTLZG3J2a/NVCAleEhjzq5oxgHyaCU9yYXvcLsvoVaHJq/s5xXI6/XXP6tz7R9xAOtHnSO/tXtF3WRTlA=="],

    "natural-compare": ["natural-compare@1.4.0", "", {}, "sha512-OWND8ei3VtNC9h7V60qff3SVobHr996CTwgxubgyQYEpg290h9J0buyECNNJexkFm5sOajh5G116RYA1c8ZMSw=="],

    "nth-check": ["nth-check@2.1.1", "", { "dependencies": { "boolbase": "^1.0.0" } }, "sha512-lqjrjmaOoAnWfMmBPL+XNnynZh2+swxiX3WUE0s4yEHI6m+AwrK2UZOimIRl3X/4QctVqS8AiZjFqyOGrMXb/w=="],

    "object-deep-merge": ["object-deep-merge@2.0.1", "", {}, "sha512-aKttDKcU3pyZqKcCkDhsMn70WmZFG2JGDQLP9EcLyTSIFQRCPWLAmBZRLJnrVUrhPG1jETEEbfdgbNtJf1LyMg=="],

    "optionator": ["optionator@0.9.4", "", { "dependencies": { "deep-is": "^0.1.3", "fast-levenshtein": "^2.0.6", "levn": "^0.4.1", "prelude-ls": "^1.2.1", "type-check": "^0.4.0", "word-wrap": "^1.2.5" } }, "sha512-6IpQ7mKUxRcZNLIObR0hz7lxsapSSIYNZJwXPGeF0mTVqGKFIXj1DQcMoT22S3ROcLyY/rz0PWaWZ9ayWmad9g=="],

    "oxfmt": ["oxfmt@0.67.0", "", { "dependencies": { "tinypool": "2.1.2" }, "optionalDependencies": { "@oxfmt/binding-android-arm-eabi": "0.67.0", "@oxfmt/binding-android-arm64": "0.67.0", "@oxfmt/binding-darwin-arm64": "0.67.0", "@oxfmt/binding-darwin-x64": "0.67.0", "@oxfmt/binding-freebsd-x64": "0.67.0", "@oxfmt/binding-linux-arm-gnueabihf": "0.67.0", "@oxfmt/binding-linux-arm-musleabihf": "0.67.0", "@oxfmt/binding-linux-arm64-gnu": "0.67.0", "@oxfmt/binding-linux-arm64-musl": "0.67.0", "@oxfmt/binding-linux-ppc64-gnu": "0.67.0", "@oxfmt/binding-linux-riscv64-gnu": "0.67.0", "@oxfmt/binding-linux-riscv64-musl": "0.67.0", "@oxfmt/binding-linux-s390x-gnu": "0.67.0", "@oxfmt/binding-linux-x64-gnu": "0.67.0", "@oxfmt/binding-linux-x64-musl": "0.67.0", "@oxfmt/binding-openharmony-arm64": "0.67.0", "@oxfmt/binding-win32-arm64-msvc": "0.67.0", "@oxfmt/binding-win32-ia32-msvc": "0.67.0", "@oxfmt/binding-win32-x64-msvc": "0.67.0" }, "peerDependencies": { "svelte": "^5.0.0", "vite-plus": "*" }, "optionalPeers": ["svelte", "vite-plus"], "bin": { "oxfmt": "bin/oxfmt" } }, "sha512-vV7sSiPsaO0mSxdoUdayipVDFPzW/UQ+hrezEHa20+Tx1dnMdZLSRHMT0PdS67FFbhd74M1n08asW21aLGeCrA=="],

    "oxlint": ["oxlint@1.82.0", "", { "optionalDependencies": { "@oxlint/binding-android-arm-eabi": "1.82.0", "@oxlint/binding-android-arm64": "1.82.0", "@oxlint/binding-darwin-arm64": "1.82.0", "@oxlint/binding-darwin-x64": "1.82.0", "@oxlint/binding-freebsd-x64": "1.82.0", "@oxlint/binding-linux-arm-gnueabihf": "1.82.0", "@oxlint/binding-linux-arm-musleabihf": "1.82.0", "@oxlint/binding-linux-arm64-gnu": "1.82.0", "@oxlint/binding-linux-arm64-musl": "1.82.0", "@oxlint/binding-linux-ppc64-gnu": "1.82.0", "@oxlint/binding-linux-riscv64-gnu": "1.82.0", "@oxlint/binding-linux-riscv64-musl": "1.82.0", "@oxlint/binding-linux-s390x-gnu": "1.82.0", "@oxlint/binding-linux-x64-gnu": "1.82.0", "@oxlint/binding-linux-x64-musl": "1.82.0", "@oxlint/binding-openharmony-arm64": "1.82.0", "@oxlint/binding-win32-arm64-msvc": "1.82.0", "@oxlint/binding-win32-ia32-msvc": "1.82.0", "@oxlint/binding-win32-x64-msvc": "1.82.0" }, "peerDependencies": { "oxlint-tsgolint": ">=7.0.2001", "vite-plus": "*" }, "optionalPeers": ["oxlint-tsgolint", "vite-plus"], "bin": { "oxlint": "bin/oxlint" } }, "sha512-+iFM1BGw1ntYJt3QngbJmjbrGxPaKMUADOXOijpWGnYcBPq8YZnQftSS1C+pVcDYy9YxqDVJKQqQkTazTQMboQ=="],

    "oxlint-plugin-eslint": ["oxlint-plugin-eslint@1.83.0", "", {}, "sha512-9v2O7rkCkT2MzaAoviunkZ+O/BjhjhHXZKg8P0iAPfLYfziQwTHTJWqlY/uGOPAzjdC+VffHcRliMgJkxIttgg=="],

    "p-limit": ["p-limit@3.1.0", "", { "dependencies": { "yocto-queue": "^0.1.0" } }, "sha512-TYOanM3wGwNGsZN2cVTYPArw454xnXj5qmWF1bEoAc4+cU/ol7GVh7odevjp1FNHduHc3KZMcFduxU5Xc6uJRQ=="],

    "p-locate": ["p-locate@5.0.0", "", { "dependencies": { "p-limit": "^3.0.2" } }, "sha512-LaNjtRWUBY++zB5nE/NwcaoMylSPk+S+ZHNB1TzdbMJMny6dynpAGt7X/tl/QYq3TIeE6nxHppbo2LGymrG5Pw=="],

    "parse-imports-exports": ["parse-imports-exports@0.2.4", "", { "dependencies": { "parse-statements": "1.0.11" } }, "sha512-4s6vd6dx1AotCx/RCI2m7t7GCh5bDRUtGNvRfHSP2wbBQdMi67pPe7mtzmgwcaQ8VKK/6IB7Glfyu3qdZJPybQ=="],

    "parse-statements": ["parse-statements@1.0.11", "", {}, "sha512-HlsyYdMBnbPQ9Jr/VgJ1YF4scnldvJpJxCVx6KgqPL4dxppsWrJHCIIxQXMJrqGnsRkNPATbeMJ8Yxu7JMsYcA=="],

    "path-exists": ["path-exists@4.0.0", "", {}, "sha512-ak9Qy5Q7jYb2Wwcey5Fpvg2KoAc/ZIhLSLOSBmRmygPsGwkVVt0fZa0qrtMz+m6tJTAHfZQ8FnmB4MG4LWy7/w=="],

    "path-key": ["path-key@3.1.1", "", {}, "sha512-ojmeN0qd+y0jszEtoY48r0Peq5dwMEkIlCOu6Q5f41lfkswXuKtYrhgoTpLnyIcHm24Uhqx+5Tqm2InSwLhE6Q=="],

    "picocolors": ["picocolors@1.1.1", "", {}, "sha512-xceH2snhtb5M9liqDsmEw56le376mTZkEX/jEb/RxNFyegNul7eNslCXP9FDj/Lcu0X8KEyMceP2ntpaHrDEVA=="],

    "picomatch": ["picomatch@4.0.4", "", {}, "sha512-QP88BAKvMam/3NxH6vj2o21R6MjxZUAd6nlwAS/pnGvN9IVLocLHxGYIzFhg6fUQ+5th6P4dv4eW9jX3DSIj7A=="],

    "prelude-ls": ["prelude-ls@1.2.1", "", {}, "sha512-vkcDPrRZo1QZLbn5RLGPpg/WmIQ65qoWWhcGKf/b5eplkkarX0m9z8ppCat4mlOqUsWpyNuYgO3VRyrYHSzX5g=="],

    "punycode": ["punycode@2.3.1", "", {}, "sha512-vYt7UD1U9Wg6138shLtLOvdAu+8DsC/ilFtEVHcH+wydcSpNE20AfSOduf6MkRFahL5FY7X1oU7nKVZFtfq8Fg=="],

    "qified": ["qified@0.10.1", "", { "dependencies": { "hookified": "^2.1.1" } }, "sha512-+Owyggi9IxT1ePKGafcI87ubSmxol6smwJ+RAHDQlx9+9cPwFWDiKFFCPuWhr9ignlGpZ9vDQLw67N4dcTVFEA=="],

    "reserved-identifiers": ["reserved-identifiers@1.2.0", "", {}, "sha512-yE7KUfFvaBFzGPs5H3Ops1RevfUEsDc5Iz65rOwWg4lE8HJSYtle77uul3+573457oHvBKuHYDl/xqUkKpEEdw=="],

    "sax": ["sax@1.6.1", "", {}, "sha512-42tBVwLWnaQvW5zc4HbZrTuWccECCZfBi92FDuwtqxasH+JbPB3/FOKb1m222K42R4WxuxzzMsTswfzgtSu64Q=="],

    "semver": ["semver@7.8.5", "", { "bin": { "semver": "bin/semver.js" } }, "sha512-Y7/KDsb8LjooZpwaqGyulO6DQlksgCncchHGk+sZIY4SBvUocMBEFH5Ur1fI4dV+Jvl0w6cjvucaIi40puRioA=="],

    "shebang-command": ["shebang-command@2.0.0", "", { "dependencies": { "shebang-regex": "^3.0.0" } }, "sha512-kHxr2zZpYtdmrN1qDjrrX/Z1rR1kG8Dx+gkpK1G4eXmvXswmcE1hTWBWYUzlraYw1/yZp6YuDY77YtvbN0dmDA=="],

    "shebang-regex": ["shebang-regex@3.0.0", "", {}, "sha512-7++dFhtcx3353uBaq8DDR4NuxBetBzC7ZQOhmTQInHEd6bSrXdiEyzCvG07Z44UYdLShWUyXt5M/yhz8ekcb1A=="],

    "source-map-js": ["source-map-js@1.2.1", "", {}, "sha512-UXWMKhLOwVKb728IUtQPXxfYU+usdybtUrK/8uGE8CQMvrhOpwvzDBwj0QhSL7MQc7vIsISBG8VQ8+IDQxpfQA=="],

    "spdx-exceptions": ["spdx-exceptions@2.5.0", "", {}, "sha512-PiU42r+xO4UbUS1buo3LPJkjlO7430Xn5SVAhdpzzsPHsjbYVflnnFdATgabnLude+Cqu25p6N+g2lw/PFsa4w=="],

    "spdx-expression-parse": ["spdx-expression-parse@5.0.0", "", { "dependencies": { "spdx-exceptions": "^2.1.0", "spdx-license-ids": "^3.0.0" } }, "sha512-vngmw3Rgn+o2arXNbnZaj5UtOEBuWBfvaI+Wc8GFfykIhA5/vdK9/Sp/XkLv63dykz2rxKDvKEHupF5P0FORcQ=="],

    "spdx-license-ids": ["spdx-license-ids@3.0.23", "", {}, "sha512-CWLcCCH7VLu13TgOH+r8p1O/Znwhqv/dbb6lqWy67G+pT1kHmeD/+V36AVb/vq8QMIQwVShJ6Ssl5FPh0fuSdw=="],

    "svgo": ["svgo@4.1.0", "", { "dependencies": { "commander": "^11.1.0", "css-select": "^6.0.0", "css-tree": "^3.0.1", "css-what": "^7.0.0", "csso": "^5.0.5", "picocolors": "^1.1.1", "sax": "1.6.1" }, "bin": { "svgo": "bin/svgo.js" } }, "sha512-bkxnTg1kSU0guhIBmibA6UUhrQmPVA1XsQLN+ylCd+UWzbnLkySOcXpyk1mrl05f+pcaCx2eHb+sp6BgMZWX+Q=="],

    "tinyglobby": ["tinyglobby@0.2.17", "", { "dependencies": { "fdir": "^6.5.0", "picomatch": "^4.0.4" } }, "sha512-wXR/dYpcqKmfWpEdZjiKJOwCNFndD0DMnrW/cYjVGttEkBfVgcLFHoNrlj47mjOVic9yyNu65alsgF4NQyTa2g=="],

    "tinypool": ["tinypool@2.1.2", "", {}, "sha512-9YodfrxS9g9IbFr/KOjE5bAeJ0p61n3bW6mqvy0jtoeKd1kTW1Cxm0oulm6KX2lyM9Gl6WIe8nEbY7LWv5ZJww=="],

    "to-valid-identifier": ["to-valid-identifier@1.0.0", "", { "dependencies": { "@sindresorhus/base62": "^1.0.0", "reserved-identifiers": "^1.0.0" } }, "sha512-41wJyvKep3yT2tyPqX/4blcfybknGB4D+oETKLs7Q76UiPqRpUJK3hr1nxelyYO0PHKVzJwlu0aCeEAsGI6rpw=="],

    "toml-eslint-parser": ["toml-eslint-parser@1.0.3", "", { "dependencies": { "eslint-visitor-keys": "^5.0.0" } }, "sha512-A5F0cM6+mDleacLIEUkmfpkBbnHJFV1d2rprHU2MXNk7mlxHq2zGojA+SRvQD1RoMo9gqjZPWEaKG4v1BQ48lw=="],

    "ts-api-utils": ["ts-api-utils@2.5.0", "", { "peerDependencies": { "typescript": ">=4.8.4" } }, "sha512-OJ/ibxhPlqrMM0UiNHJ/0CKQkoKF243/AEmplt3qpRgkW8VG7IfOS41h7V8TjITqdByHzrjcS/2si+y4lIh8NA=="],

    "type-check": ["type-check@0.4.0", "", { "dependencies": { "prelude-ls": "^1.2.1" } }, "sha512-XleUoc9uwGXqjWwXaUTZAmzMcFZ5858QA2vvx1Ur5xIcixXIP+8LnFDgRplU30us6teqdlskFfu+ae4K79Ooew=="],

    "typescript": ["typescript@6.0.3", "", { "bin": { "tsc": "bin/tsc", "tsserver": "bin/tsserver" } }, "sha512-y2TvuxSZPDyQakkFRPZHKFm+KKVqIisdg9/CZwm9ftvKXLP8NRWj38/ODjNbr43SsoXqNuAisEf1GdCxqWcdBw=="],

    "undici-types": ["undici-types@8.9.0", "", {}, "sha512-KTDyRTYX8sWmKXAikPHHSyc63CRPETMctyjKFupcC6OBLXT3xsN0e9aF7m+mIXutFWpUXuedtowG7iLOzp0kQg=="],

    "uri-js": ["uri-js@4.4.1", "", { "dependencies": { "punycode": "^2.1.0" } }, "sha512-7rKUyy33Q1yc98pQ1DAmLtwX109F7TIfWlW1Ydo8Wl1ii1SeHieeh0HHfPeL2fMXK6z0s8ecKs9frCuLJvndBg=="],

    "which": ["which@2.0.2", "", { "dependencies": { "isexe": "^2.0.0" }, "bin": { "node-which": "./bin/node-which" } }, "sha512-BLI3Tl1TW3Pvl70l3yq3Y64i+awpwXqsGBYWkkqMtnbXgrMD+yj7rhW0kuEDxzJaYXGjEW5ogapKNMEKNMjibA=="],

    "word-wrap": ["word-wrap@1.2.5", "", {}, "sha512-BN22B5eaMMI9UMtjrGd5g5eCYPpCPDUy0FJXbYsaT5zYxjFOckS53SQDE3pWkVoWpHXVb3BrYcEN4Twa55B5cA=="],

    "yocto-queue": ["yocto-queue@0.1.0", "", {}, "sha512-rVksvsnNCdJ/ohGc6xgPwyN8eheCxsiLM8mxuE/t/mOVqJewPuO1miLpTHQiRgTKCLexL4MeAFVagts7HmNZ2Q=="],

    "@eslint-community/eslint-utils/eslint-visitor-keys": ["eslint-visitor-keys@3.4.3", "", {}, "sha512-wpc+LXeiyiisxPlEkUzU6svyS1frIO3Mgxj1fdy7Pm8Ygzguax2N3Fa/D/ag1WqbOprdI+uY6wMUl8/a2G+iag=="],

    "css-select/domhandler": ["domhandler@5.0.3", "", { "dependencies": { "domelementtype": "^2.3.0" } }, "sha512-cgwlv/1iFQiFnU96XXgROh8xTeetsnJiDsTc7TYCLFd9+/WNkIqPTxiM/8pSd8VIrhXGTf1Ny1q1hquVqDJB5w=="],

    "css-select/domutils": ["domutils@3.2.2", "", { "dependencies": { "dom-serializer": "^2.0.0", "domelementtype": "^2.3.0", "domhandler": "^5.0.3" } }, "sha512-6kZKyUajlDuqlHKVX1w7gyslj9MPIXzIFiz/rGu35uC1wMi+kMhQwGhl4lt9unC9Vb9INnY9Z3/ZA3+FhASLaw=="],

    "csso/css-tree": ["css-tree@2.2.1", "", { "dependencies": { "mdn-data": "2.0.28", "source-map-js": "^1.0.1" } }, "sha512-OA0mILzGc1kCOCSJerOeqDxDQ4HOh+G8NbOJFOTgOCzpw7fCBubk0fEyxp8AgOL/jvLgYA/uV0cMbe43ElF1JA=="],

    "eslint/escape-string-regexp": ["escape-string-regexp@4.0.0", "", {}, "sha512-TtpcNJ3XAzx3Gq8sWRzJaVajRs0uVxA2YAkdb1jm2YkPz4G6egUFAyA3n5vtEIZefPk5Wa4UXbKuS5fKkJWdgA=="],

    "qified/hookified": ["hookified@2.2.0", "", {}, "sha512-p/LgFzRN5FeoD3DLS6bkUapeye6E4SI6yJs6KetENd18S+FBthqYq2amJUWpt5z0EQwwHemidjY5OqJGEKm5uA=="],

    "css-select/domhandler/domelementtype": ["domelementtype@2.3.0", "", {}, "sha512-OLETBj6w0OsagBwdXnPdN0cnMfF9opN69co+7ZrbfPGrdpPVNBUj02spi6B1N7wChLQiPn4CSH/zJvXw56gmHw=="],

    "css-select/domutils/dom-serializer": ["dom-serializer@2.0.0", "", { "dependencies": { "domelementtype": "^2.3.0", "domhandler": "^5.0.2", "entities": "^4.2.0" } }, "sha512-wIkAryiqt/nV5EQKqQpo3SToSOV9J0DnbJqwK7Wv/Trc92zIAYZ4FlMu+JPFW1DfGFt81ZTCGgDEabffXeLyJg=="],

    "css-select/domutils/domelementtype": ["domelementtype@2.3.0", "", {}, "sha512-OLETBj6w0OsagBwdXnPdN0cnMfF9opN69co+7ZrbfPGrdpPVNBUj02spi6B1N7wChLQiPn4CSH/zJvXw56gmHw=="],

    "csso/css-tree/mdn-data": ["mdn-data@2.0.28", "", {}, "sha512-aylIc7Z9y4yzHYAJNuESG3hfhC+0Ibp/MAMiaOZgNv4pmEdFyfZhhhny4MNiAfWdBQ1RQ2mfDWmM1x8SvGyp8g=="],

    "css-select/domutils/dom-serializer/entities": ["entities@4.5.0", "", {}, "sha512-V0hjH4dGPh9Ao5p0MoRY6BVqtwCjhz6vI5LT8AJ55H+4g9/4vbHx1I54fS0XuclLhDHArPQCiMjDxjaL8fPxhw=="],
  }
}
